// !$*UTF8*$!
{
	archiveVersion = 1;
	classes = {
	};
	objectVersion = 46;
	objects = {

/* Begin PBXBuildFile section */
		713FB4F61A9EC86D00F5E1E9 /* SettingsViewController.swift in Sources */ = {isa = PBXBuildFile; fileRef = 713FB4F51A9EC86D00F5E1E9 /* SettingsViewController.swift */; };
		7192641E1A8DB4A200BE9490 /* AppDelegate.swift in Sources */ = {isa = PBXBuildFile; fileRef = 7192641D1A8DB4A200BE9490 /* AppDelegate.swift */; };
		719264201A8DB4A200BE9490 /* BreathBarViewController.swift in Sources */ = {isa = PBXBuildFile; fileRef = 7192641F1A8DB4A200BE9490 /* BreathBarViewController.swift */; };
		719264231A8DB4A200BE9490 /* Main.storyboard in Resources */ = {isa = PBXBuildFile; fileRef = 719264211A8DB4A200BE9490 /* Main.storyboard */; };
		719264251A8DB4A200BE9490 /* Images.xcassets in Resources */ = {isa = PBXBuildFile; fileRef = 719264241A8DB4A200BE9490 /* Images.xcassets */; };
		719264281A8DB4A200BE9490 /* LaunchScreen.xib in Resources */ = {isa = PBXBuildFile; fileRef = 719264261A8DB4A200BE9490 /* LaunchScreen.xib */; };
		719264341A8DB4A200BE9490 /* BreatheTests.swift in Sources */ = {isa = PBXBuildFile; fileRef = 719264331A8DB4A200BE9490 /* BreatheTests.swift */; };
/* End PBXBuildFile section */

/* Begin PBXContainerItemProxy section */
		7192642E1A8DB4A200BE9490 /* PBXContainerItemProxy */ = {
			isa = PBXContainerItemProxy;
			containerPortal = 719264101A8DB4A200BE9490 /* Project object */;
			proxyType = 1;
			remoteGlobalIDString = 719264171A8DB4A200BE9490;
			remoteInfo = Breathe;
		};
/* End PBXContainerItemProxy section */

/* Begin PBXFileReference section */
		713FB4F51A9EC86D00F5E1E9 /* SettingsViewController.swift */ = {isa = PBXFileReference; fileEncoding = 4; lastKnownFileType = sourcecode.swift; path = SettingsViewController.swift; sourceTree = "<group>"; };
		719264181A8DB4A200BE9490 /* Breathe.app */ = {isa = PBXFileReference; explicitFileType = wrapper.application; includeInIndex = 0; path = Breathe.app; sourceTree = BUILT_PRODUCTS_DIR; };
		7192641C1A8DB4A200BE9490 /* Info.plist */ = {isa = PBXFileReference; lastKnownFileType = text.plist.xml; path = Info.plist; sourceTree = "<group>"; };
		7192641D1A8DB4A200BE9490 /* AppDelegate.swift */ = {isa = PBXFileReference; lastKnownFileType = sourcecode.swift; path = AppDelegate.swift; sourceTree = "<group>"; };
		7192641F1A8DB4A200BE9490 /* BreathBarViewController.swift */ = {isa = PBXFileReference; lastKnownFileType = sourcecode.swift; path = BreathBarViewController.swift; sourceTree = "<group>"; };
		719264221A8DB4A200BE9490 /* Base */ = {isa = PBXFileReference; lastKnownFileType = file.storyboard; name = Base; path = Base.lproj/Main.storyboard; sourceTree = "<group>"; };
		719264241A8DB4A200BE9490 /* Images.xcassets */ = {isa = PBXFileReference; lastKnownFileType = folder.assetcatalog; path = Images.xcassets; sourceTree = "<group>"; };
		719264271A8DB4A200BE9490 /* Base */ = {isa = PBXFileReference; lastKnownFileType = file.xib; name = Base; path = Base.lproj/LaunchScreen.xib; sourceTree = "<group>"; };
		7192642D1A8DB4A200BE9490 /* BreatheTests.xctest */ = {isa = PBXFileReference; explicitFileType = wrapper.cfbundle; includeInIndex = 0; path = BreatheTests.xctest; sourceTree = BUILT_PRODUCTS_DIR; };
		719264321A8DB4A200BE9490 /* Info.plist */ = {isa = PBXFileReference; lastKnownFileType = text.plist.xml; path = Info.plist; sourceTree = "<group>"; };
		719264331A8DB4A200BE9490 /* BreatheTests.swift */ = {isa = PBXFileReference; lastKnownFileType = sourcecode.swift; path = BreatheTests.swift; sourceTree = "<group>"; };
		71A4CCD31ABF73C700EEF862 /* notes.txt */ = {isa = PBXFileReference; lastKnownFileType = text; path = notes.txt; sourceTree = "<group>"; };
/* End PBXFileReference section */

/* Begin PBXFrameworksBuildPhase section */
		719264151A8DB4A200BE9490 /* Frameworks */ = {
			isa = PBXFrameworksBuildPhase;
			buildActionMask = 2147483647;
			files = (
			);
			runOnlyForDeploymentPostprocessing = 0;
		};
		7192642A1A8DB4A200BE9490 /* Frameworks */ = {
			isa = PBXFrameworksBuildPhase;
			buildActionMask = 2147483647;
			files = (
			);
			runOnlyForDeploymentPostprocessing = 0;
		};
/* End PBXFrameworksBuildPhase section */

/* Begin PBXGroup section */
		7192640F1A8DB4A200BE9490 = {
			isa = PBXGroup;
			children = (
				7192641A1A8DB4A200BE9490 /* Breathe */,
				719264301A8DB4A200BE9490 /* BreatheTests */,
				719264191A8DB4A200BE9490 /* Products */,
			);
			sourceTree = "<group>";
		};
		719264191A8DB4A200BE9490 /* Products */ = {
			isa = PBXGroup;
			children = (
				719264181A8DB4A200BE9490 /* Breathe.app */,
				7192642D1A8DB4A200BE9490 /* BreatheTests.xctest */,
			);
			name = Products;
			sourceTree = "<group>";
		};
		7192641A1A8DB4A200BE9490 /* Breathe */ = {
			isa = PBXGroup;
			children = (
				7192641D1A8DB4A200BE9490 /* AppDelegate.swift */,
				7192641F1A8DB4A200BE9490 /* BreathBarViewController.swift */,
				713FB4F51A9EC86D00F5E1E9 /* SettingsViewController.swift */,
				719264211A8DB4A200BE9490 /* Main.storyboard */,
				719264241A8DB4A200BE9490 /* Images.xcassets */,
				719264261A8DB4A200BE9490 /* LaunchScreen.xib */,
				7192641B1A8DB4A200BE9490 /* Supporting Files */,
				71A4CCD31ABF73C700EEF862 /* notes.txt */,
			);
			path = Breathe;
			sourceTree = "<group>";
		};
		7192641B1A8DB4A200BE9490 /* Supporting Files */ = {
			isa = PBXGroup;
			children = (
				7192641C1A8DB4A200BE9490 /* Info.plist */,
			);
			name = "Supporting Files";
			sourceTree = "<group>";
		};
		719264301A8DB4A200BE9490 /* BreatheTests */ = {
			isa = PBXGroup;
			children = (
				719264331A8DB4A200BE9490 /* BreatheTests.swift */,
				719264311A8DB4A200BE9490 /* Supporting Files */,
			);
			path = BreatheTests;
			sourceTree = "<group>";
		};
		719264311A8DB4A200BE9490 /* Supporting Files */ = {
			isa = PBXGroup;
			children = (
				719264321A8DB4A200BE9490 /* Info.plist */,
			);
			name = "Supporting Files";
			sourceTree = "<group>";
		};
/* End PBXGroup section */

/* Begin PBXNativeTarget section */
		719264171A8DB4A200BE9490 /* Breathe */ = {
			isa = PBXNativeTarget;
			buildConfigurationList = 719264371A8DB4A200BE9490 /* Build configuration list for PBXNativeTarget "Breathe" */;
			buildPhases = (
				719264141A8DB4A200BE9490 /* Sources */,
				719264151A8DB4A200BE9490 /* Frameworks */,
				719264161A8DB4A200BE9490 /* Resources */,
			);
			buildRules = (
			);
			dependencies = (
			);
			name = Breathe;
			productName = Breathe;
			productReference = 719264181A8DB4A200BE9490 /* Breathe.app */;
			productType = "com.apple.product-type.application";
		};
		7192642C1A8DB4A200BE9490 /* BreatheTests */ = {
			isa = PBXNativeTarget;
			buildConfigurationList = 7192643A1A8DB4A200BE9490 /* Build configuration list for PBXNativeTarget "BreatheTests" */;
			buildPhases = (
				719264291A8DB4A200BE9490 /* Sources */,
				7192642A1A8DB4A200BE9490 /* Frameworks */,
				7192642B1A8DB4A200BE9490 /* Resources */,
			);
			buildRules = (
			);
			dependencies = (
				7192642F1A8DB4A200BE9490 /* PBXTargetDependency */,
			);
			name = BreatheTests;
			productName = BreatheTests;
			productReference = 7192642D1A8DB4A200BE9490 /* BreatheTests.xctest */;
			productType = "com.apple.product-type.bundle.unit-test";
		};
/* End PBXNativeTarget section */

/* Begin PBXProject section */
		719264101A8DB4A200BE9490 /* Project object */ = {
			isa = PBXProject;
			attributes = {
				LastUpgradeCheck = 0610;
				ORGANIZATIONNAME = Moonworks;
				TargetAttributes = {
					719264171A8DB4A200BE9490 = {
						CreatedOnToolsVersion = 6.1.1;
					};
					7192642C1A8DB4A200BE9490 = {
						CreatedOnToolsVersion = 6.1.1;
						TestTargetID = 719264171A8DB4A200BE9490;
					};
				};
			};
			buildConfigurationList = 719264131A8DB4A200BE9490 /* Build configuration list for PBXProject "Breathe" */;
			compatibilityVersion = "Xcode 3.2";
			developmentRegion = English;
			hasScannedForEncodings = 0;
			knownRegions = (
				en,
				Base,
			);
			mainGroup = 7192640F1A8DB4A200BE9490;
			productRefGroup = 719264191A8DB4A200BE9490 /* Products */;
			projectDirPath = "";
			projectRoot = "";
			targets = (
				719264171A8DB4A200BE9490 /* Breathe */,
				7192642C1A8DB4A200BE9490 /* BreatheTests */,
			);
		};
/* End PBXProject section */

/* Begin PBXResourcesBuildPhase section */
		719264161A8DB4A200BE9490 /* Resources */ = {
			isa = PBXResourcesBuildPhase;
			buildActionMask = 2147483647;
			files = (
				719264231A8DB4A200BE9490 /* Main.storyboard in Resources */,
				719264281A8DB4A200BE9490 /* LaunchScreen.xib in Resources */,
				719264251A8DB4A200BE9490 /* Images.xcassets in Resources */,
			);
			runOnlyForDeploymentPostprocessing = 0;
		};
		7192642B1A8DB4A200BE9490 /* Resources */ = {
			isa = PBXResourcesBuildPhase;
			buildActionMask = 2147483647;
			files = (
			);
			runOnlyForDeploymentPostprocessing = 0;
		};
/* End PBXResourcesBuildPhase section */

/* Begin PBXSourcesBuildPhase section */
		719264141A8DB4A200BE9490 /* Sources */ = {
			isa = PBXSourcesBuildPhase;
			buildActionMask = 2147483647;
			files = (
				719264201A8DB4A200BE9490 /* BreathBarViewController.swift in Sources */,
				7192641E1A8DB4A200BE9490 /* AppDelegate.swift in Sources */,
				713FB4F61A9EC86D00F5E1E9 /* SettingsViewController.swift in Sources */,
			);
			runOnlyForDeploymentPostprocessing = 0;
		};
		719264291A8DB4A200BE9490 /* Sources */ = {
			isa = PBXSourcesBuildPhase;
			buildActionMask = 2147483647;
			files = (
				719264341A8DB4A200BE9490 /* BreatheTests.swift in Sources */,
			);
			runOnlyForDeploymentPostprocessing = 0;
		};
/* End PBXSourcesBuildPhase section */

/* Begin PBXTargetDependency section */
		7192642F1A8DB4A200BE9490 /* PBXTargetDependency */ = {
			isa = PBXTargetDependency;
			target = 719264171A8DB4A200BE9490 /* Breathe */;
			targetProxy = 7192642E1A8DB4A200BE9490 /* PBXContainerItemProxy */;
		};
/* End PBXTargetDependency section */

/* Begin PBXVariantGroup section */
		719264211A8DB4A200BE9490 /* Main.storyboard */ = {
			isa = PBXVariantGroup;
			children = (
				719264221A8DB4A200BE9490 /* Base */,
			);
			name = Main.storyboard;
			sourceTree = "<group>";
		};
		719264261A8DB4A200BE9490 /* LaunchScreen.xib */ = {
			isa = PBXVariantGroup;
			children = (
				719264271A8DB4A200BE9490 /* Base */,
			);
			name = LaunchScreen.xib;
			sourceTree = "<group>";
		};
/* End PBXVariantGroup section */

/* Begin XCBuildConfiguration section */
		719264351A8DB4A200BE9490 /* Debug */ = {
			isa = XCBuildConfiguration;
			buildSettings = {
				ALWAYS_SEARCH_USER_PATHS = NO;
				CLANG_CXX_LANGUAGE_STANDARD = "gnu++0x";
				CLANG_CXX_LIBRARY = "libc++";
				CLANG_ENABLE_MODULES = YES;
				CLANG_ENABLE_OBJC_ARC = YES;
				CLANG_WARN_BOOL_CONVERSION = YES;
				CLANG_WARN_CONSTANT_CONVERSION = YES;
				CLANG_WARN_DIRECT_OBJC_ISA_USAGE = YES_ERROR;
				CLANG_WARN_EMPTY_BODY = YES;
				CLANG_WARN_ENUM_CONVERSION = YES;
				CLANG_WARN_INT_CONVERSION = YES;
				CLANG_WARN_OBJC_ROOT_CLASS = YES_ERROR;
				CLANG_WARN_UNREACHABLE_CODE = YES;
				CLANG_WARN__DUPLICATE_METHOD_MATCH = YES;
				"CODE_SIGN_IDENTITY[sdk=iphoneos*]" = "iPhone Developer";
				COPY_PHASE_STRIP = NO;
				ENABLE_STRICT_OBJC_MSGSEND = YES;
				GCC_C_LANGUAGE_STANDARD = gnu99;
				GCC_DYNAMIC_NO_PIC = NO;
				GCC_OPTIMIZATION_LEVEL = 0;
				GCC_PREPROCESSOR_DEFINITIONS = (
					"DEBUG=1",
					"$(inherited)",
				);
				GCC_SYMBOLS_PRIVATE_EXTERN = NO;
				GCC_WARN_64_TO_32_BIT_CONVERSION = YES;
				GCC_WARN_ABOUT_RETURN_TYPE = YES_ERROR;
				GCC_WARN_UNDECLARED_SELECTOR = YES;
				GCC_WARN_UNINITIALIZED_AUTOS = YES_AGGRESSIVE;
				GCC_WARN_UNUSED_FUNCTION = YES;
				GCC_WARN_UNUSED_LABEL = YES;
				GCC_WARN_UNUSED_PARAMETER = YES;
				GCC_WARN_UNUSED_VARIABLE = YES;
				IPHONEOS_DEPLOYMENT_TARGET = 8.1;
				MTL_ENABLE_DEBUG_INFO = YES;
				ONLY_ACTIVE_ARCH = YES;
				SDKROOT = iphoneos;
				SWIFT_OPTIMIZATION_LEVEL = "-Onone";
			};
			name = Debug;
		};
		719264361A8DB4A200BE9490 /* Release */ = {
			isa = XCBuildConfiguration;
			buildSettings = {
				ALWAYS_SEARCH_USER_PATHS = NO;
				CLANG_CXX_LANGUAGE_STANDARD = "gnu++0x";
				CLANG_CXX_LIBRARY = "libc++";
				CLANG_ENABLE_MODULES = YES;
				CLANG_ENABLE_OBJC_ARC = YES;
				CLANG_WARN_BOOL_CONVERSION = YES;
				CLANG_WARN_CONSTANT_CONVERSION = YES;
				CLANG_WARN_DIRECT_OBJC_ISA_USAGE = YES_ERROR;
				CLANG_WARN_EMPTY_BODY = YES;
				CLANG_WARN_ENUM_CONVERSION = YES;
				CLANG_WARN_INT_CONVERSION = YES;
				CLANG_WARN_OBJC_ROOT_CLASS = YES_ERROR;
				CLANG_WARN_UNREACHABLE_CODE = YES;
				CLANG_WARN__DUPLICATE_METHOD_MATCH = YES;
				"CODE_SIGN_IDENTITY[sdk=iphoneos*]" = "iPhone Developer";
				COPY_PHASE_STRIP = YES;
				ENABLE_NS_ASSERTIONS = NO;
				ENABLE_STRICT_OBJC_MSGSEND = YES;
				GCC_C_LANGUAGE_STANDARD = gnu99;
				GCC_WARN_64_TO_32_BIT_CONVERSION = YES;
				GCC_WARN_ABOUT_RETURN_TYPE = YES_ERROR;
				GCC_WARN_UNDECLARED_SELECTOR = YES;
				GCC_WARN_UNINITIALIZED_AUTOS = YES_AGGRESSIVE;
				GCC_WARN_UNUSED_FUNCTION = YES;
				GCC_WARN_UNUSED_LABEL = YES;
				GCC_WARN_UNUSED_PARAMETER = YES;
				GCC_WARN_UNUSED_VARIABLE = YES;
				IPHONEOS_DEPLOYMENT_TARGET = 8.1;
				MTL_ENABLE_DEBUG_INFO = NO;
				SDKROOT = iphoneos;
				VALIDATE_PRODUCT = YES;
			};
			name = Release;
		};
		719264381A8DB4A200BE9490 /* Debug */ = {
			isa = XCBuildConfiguration;
			buildSettings = {
				ASSETCATALOG_COMPILER_APPICON_NAME = AppIcon;
				INFOPLIST_FILE = Breathe/Info.plist;
				LD_RUNPATH_SEARCH_PATHS = "$(inherited) @executable_path/Frameworks";
				PRODUCT_NAME = "$(TARGET_NAME)";
			};
			name = Debug;
		};
		719264391A8DB4A200BE9490 /* Release */ = {
			isa = XCBuildConfiguration;
			buildSettings = {
				ASSETCATALOG_COMPILER_APPICON_NAME = AppIcon;
				INFOPLIST_FILE = Breathe/Info.plist;
				LD_RUNPATH_SEARCH_PATHS = "$(inherited) @executable_path/Frameworks";
				PRODUCT_NAME = "$(TARGET_NAME)";
			};
			name = Release;
		};
		7192643B1A8DB4A200BE9490 /* Debug */ = {
			isa = XCBuildConfiguration;
			buildSettings = {
				BUNDLE_LOADER = "$(TEST_HOST)";
				FRAMEWORK_SEARCH_PATHS = (
					"$(SDKROOT)/Developer/Library/Frameworks",
					"$(inherited)",
				);
				GCC_PREPROCESSOR_DEFINITIONS = (
					"DEBUG=1",
					"$(inherited)",
				);
				INFOPLIST_FILE = BreatheTests/Info.plist;
				LD_RUNPATH_SEARCH_PATHS = "$(inherited) @executable_path/Frameworks @loader_path/Frameworks";
				PRODUCT_NAME = "$(TARGET_NAME)";
				TEST_HOST = "$(BUILT_PRODUCTS_DIR)/Breathe.app/Breathe";
			};
			name = Debug;
		};
		7192643C1A8DB4A200BE9490 /* Release */ = {
			isa = XCBuildConfiguration;
			buildSettings = {
				BUNDLE_LOADER = "$(TEST_HOST)";
				FRAMEWORK_SEARCH_PATHS = (
					"$(SDKROOT)/Developer/Library/Frameworks",
					"$(inherited)",
				);
				INFOPLIST_FILE = BreatheTests/Info.plist;
				LD_RUNPATH_SEARCH_PATHS = "$(inherited) @executable_path/Frameworks @loader_path/Frameworks";
				PRODUCT_NAME = "$(TARGET_NAME)";
				TEST_HOST = "$(BUILT_PRODUCTS_DIR)/Breathe.app/Breathe";
			};
			name = Release;
		};
/* End XCBuildConfiguration section */

/* Begin XCConfigurationList section */
		719264131A8DB4A200BE9490 /* Build configuration list for PBXProject "Breathe" */ = {
			isa = XCConfigurationList;
			buildConfigurations = (
				719264351A8DB4A200BE9490 /* Debug */,
				719264361A8DB4A200BE9490 /* Release */,
			);
			defaultConfigurationIsVisible = 0;
			defaultConfigurationName = Release;
		};
		719264371A8DB4A200BE9490 /* Build configuration list for PBXNativeTarget "Breathe" */ = {
			isa = XCConfigurationList;
			buildConfigurations = (
				719264381A8DB4A200BE9490 /* Debug */,
				719264391A8DB4A200BE9490 /* Release */,
			);
			defaultConfigurationIsVisible = 0;
			defaultConfigurationName = Release;
		};
		7192643A1A8DB4A200BE9490 /* Build configuration list for PBXNativeTarget "BreatheTests" */ = {
			isa = XCConfigurationList;
			buildConfigurations = (
				7192643B1A8DB4A200BE9490 /* Debug */,
				7192643C1A8DB4A200BE9490 /* Release */,
			);
			defaultConfigurationIsVisible = 0;
			defaultConfigurationName = Release;
		};
/* End XCConfigurationList section */
	};
	rootObject = 719264101A8DB4A200BE9490 /* Project object */;
}
